
Microsoft Visual Studio Solution File, Format Version 12.00
# Visual Studio Version 16
VisualStudioVersion = 16.0.34407.143
MinimumVisualStudioVersion = 10.0.40219.1
Project("{FAE04EC0-301F-11D3-BF4B-00C04F79EFBC}") = "UKD-OOP-TimeTracker", "UKD-OOP-TimeTracker\UKD-OOP-TimeTracker.csproj", "{27382DEB-F4E7-446F-A79D-DE52182D307B}"
EndProject
Global
	GlobalSection(SolutionConfigurationPlatforms) = preSolution
		Debug|Any CPU = Debug|Any CPU
		Release|Any CPU = Release|Any CPU
	EndGlobalSection
	GlobalSection(ProjectConfigurationPlatforms) = postSolution
		{27382DEB-F4E7-446F-A79D-DE52182D307B}.Debug|Any CPU.ActiveCfg = Debug|Any CPU
		{27382DEB-F4E7-446F-A79D-DE52182D307B}.Debug|Any CPU.Build.0 = Debug|Any CPU
		{27382DEB-F4E7-446F-A79D-DE52182D307B}.Release|Any CPU.ActiveCfg = Release|Any CPU
		{27382DEB-F4E7-446F-A79D-DE52182D307B}.Release|Any CPU.Build.0 = Release|Any CPU
	EndGlobalSection
	GlobalSection(SolutionProperties) = preSolution
		HideSolutionNode = FALSE
	EndGlobalSection
	GlobalSection(ExtensibilityGlobals) = postSolution
		SolutionGuid = {7A384F9F-DF23-49D9-8ADD-70A22D3D6CEB}
	EndGlobalSection
EndGlobal
